{
  "name": "test",
  "version": "1.0.0",
  "lockfileVersion": 1,
  "requires": true,
  "dependencies": {
    "ds-js-x": {
      "version": "1.0.15",
      "resolved": "https://registry.npmjs.org/ds-js-x/-/ds-js-x-1.0.15.tgz",
      "integrity": "sha512-XIkrnKhV0ojv81Nx4Ghnd+NvkzjrXJluEA9KQToTHjBHsFaGjOVY/RBCNkkOaLJvUomUFH6JVpDLF2PrKQHx+A=="
    }
  }
}
