{
  "name": "test",
  "version": "1.0.0",
  "lockfileVersion": 1,
  "requires": true,
  "dependencies": {
    "ds-js-x": {
      "version": "1.0.14",
      "resolved": "https://registry.npmjs.org/ds-js-x/-/ds-js-x-1.0.14.tgz",
      "integrity": "sha512-kuP8NLOUM5Qb5bmFURclISx6CR6trN9V+IV67xHVYgOF7Z7Oqvu7oXvDp+aZQ4JmaSypgC5n+6qXZag7r/h+cQ=="
    }
  }
}
