{
  "name": "ds-js-x",
  "version": "1.0.0",
  "lockfileVersion": 1,
  "requires": true,
  "dependencies": {
    "@types/node": {
      "version": "12.12.12",
      "resolved": "https://registry.npmjs.org/@types/node/-/node-12.12.12.tgz",
      "integrity": "sha512-MGuvYJrPU0HUwqF7LqvIj50RZUX23Z+m583KBygKYUZLlZ88n6w28XRNJRJgsHukLEnLz6w6SvxZoLgbr5wLqQ=="
    },
    "colors": {
      "version": "1.3.0",
      "resolved": "https://registry.npmjs.org/colors/-/colors-1.3.0.tgz",
      "integrity": "sha512-EDpX3a7wHMWFA7PUHWPHNWqOxIIRSJetuwl0AS5Oi/5FMV8kWm69RTlgm00GKjBO1xFHMtBbL49yRtMMdticBw=="
    }
  }
}
